
Microsoft Visual Studio Solution File, Format Version 12.00
# Visual Studio Version 17
VisualStudioVersion = 17.4.33213.308
MinimumVisualStudioVersion = 10.0.40219.1
Project("{FAE04EC0-301F-11D3-BF4B-00C04F79EFBC}") = "banco", "banco.csproj", "{EE0340D1-9949-4C22-98AD-2DC24D42DC37}"
EndProject
Global
	GlobalSection(SolutionConfigurationPlatforms) = preSolution
		Debug|Any CPU = Debug|Any CPU
		Release|Any CPU = Release|Any CPU
	EndGlobalSection
	GlobalSection(ProjectConfigurationPlatforms) = postSolution
		{EE0340D1-9949-4C22-98AD-2DC24D42DC37}.Debug|Any CPU.ActiveCfg = Debug|Any CPU
		{EE0340D1-9949-4C22-98AD-2DC24D42DC37}.Debug|Any CPU.Build.0 = Debug|Any CPU
		{EE0340D1-9949-4C22-98AD-2DC24D42DC37}.Release|Any CPU.ActiveCfg = Release|Any CPU
		{EE0340D1-9949-4C22-98AD-2DC24D42DC37}.Release|Any CPU.Build.0 = Release|Any CPU
	EndGlobalSection
	GlobalSection(SolutionProperties) = preSolution
		HideSolutionNode = FALSE
	EndGlobalSection
	GlobalSection(ExtensibilityGlobals) = postSolution
		SolutionGuid = {4A2D1F4B-F27F-48EE-BAA2-33FB06D66929}
	EndGlobalSection
EndGlobal
