
Microsoft Visual Studio Solution File, Format Version 12.00
# Visual Studio Version 17
VisualStudioVersion = 17.9.34616.47
MinimumVisualStudioVersion = 10.0.40219.1
Project("{FAE04EC0-301F-11D3-BF4B-00C04F79EFBC}") = "paineldecarro", "paineldecarro.csproj", "{2B862635-0FC9-439B-A3C4-B54E0B82D380}"
EndProject
Global
	GlobalSection(SolutionConfigurationPlatforms) = preSolution
		Debug|Any CPU = Debug|Any CPU
		Release|Any CPU = Release|Any CPU
	EndGlobalSection
	GlobalSection(ProjectConfigurationPlatforms) = postSolution
		{2B862635-0FC9-439B-A3C4-B54E0B82D380}.Debug|Any CPU.ActiveCfg = Debug|Any CPU
		{2B862635-0FC9-439B-A3C4-B54E0B82D380}.Debug|Any CPU.Build.0 = Debug|Any CPU
		{2B862635-0FC9-439B-A3C4-B54E0B82D380}.Release|Any CPU.ActiveCfg = Release|Any CPU
		{2B862635-0FC9-439B-A3C4-B54E0B82D380}.Release|Any CPU.Build.0 = Release|Any CPU
	EndGlobalSection
	GlobalSection(SolutionProperties) = preSolution
		HideSolutionNode = FALSE
	EndGlobalSection
	GlobalSection(ExtensibilityGlobals) = postSolution
		SolutionGuid = {33B35AB2-7441-4BC0-B280-0420665A72A0}
	EndGlobalSection
EndGlobal
