
Microsoft Visual Studio Solution File, Format Version 12.00
# Visual Studio Version 17
VisualStudioVersion = 17.9.34616.47
MinimumVisualStudioVersion = 10.0.40219.1
Project("{FAE04EC0-301F-11D3-BF4B-00C04F79EFBC}") = "locadora", "locadora.csproj", "{580EED1A-8922-4B0B-84D5-C520A282CAF9}"
EndProject
Global
	GlobalSection(SolutionConfigurationPlatforms) = preSolution
		Debug|Any CPU = Debug|Any CPU
		Release|Any CPU = Release|Any CPU
	EndGlobalSection
	GlobalSection(ProjectConfigurationPlatforms) = postSolution
		{580EED1A-8922-4B0B-84D5-C520A282CAF9}.Debug|Any CPU.ActiveCfg = Debug|Any CPU
		{580EED1A-8922-4B0B-84D5-C520A282CAF9}.Debug|Any CPU.Build.0 = Debug|Any CPU
		{580EED1A-8922-4B0B-84D5-C520A282CAF9}.Release|Any CPU.ActiveCfg = Release|Any CPU
		{580EED1A-8922-4B0B-84D5-C520A282CAF9}.Release|Any CPU.Build.0 = Release|Any CPU
	EndGlobalSection
	GlobalSection(SolutionProperties) = preSolution
		HideSolutionNode = FALSE
	EndGlobalSection
	GlobalSection(ExtensibilityGlobals) = postSolution
		SolutionGuid = {48D7468E-711C-48CD-A42B-D45D466E58C2}
	EndGlobalSection
EndGlobal
